// !$*UTF8*$!
{
	archiveVersion = 1;
	classes = {
	};
	objectVersion = 56;
	objects = {

/* Begin PBXBuildFile section */
		231ADE092980194C00A75276 /* MockData.json in Resources */ = {isa = PBXBuildFile; fileRef = 231ADE082980194C00A75276 /* MockData.json */; };
		2329D02D294A1341009DF171 /* Crypto_AppApp.swift in Sources */ = {isa = PBXBuildFile; fileRef = 2329D02C294A1341009DF171 /* Crypto_AppApp.swift */; };
		2329D031294A1343009DF171 /* Assets.xcassets in Resources */ = {isa = PBXBuildFile; fileRef = 2329D030294A1343009DF171 /* Assets.xcassets */; };
		2329D034294A1343009DF171 /* Preview Assets.xcassets in Resources */ = {isa = PBXBuildFile; fileRef = 2329D033294A1343009DF171 /* Preview Assets.xcassets */; };
		232B4AC829793E1800B4E29B /* NetworkService.swift in Sources */ = {isa = PBXBuildFile; fileRef = 232B4AC729793E1800B4E29B /* NetworkService.swift */; };
		232B4ACB29793E4400B4E29B /* NetworkError.swift in Sources */ = {isa = PBXBuildFile; fileRef = 232B4ACA29793E4400B4E29B /* NetworkError.swift */; };
		232B4ACF29793ECE00B4E29B /* CryptoService.swift in Sources */ = {isa = PBXBuildFile; fileRef = 232B4ACE29793ECE00B4E29B /* CryptoService.swift */; };
		232B4AD129793F1F00B4E29B /* DataStructure.swift in Sources */ = {isa = PBXBuildFile; fileRef = 232B4AD029793F1F00B4E29B /* DataStructure.swift */; };
		232B4AD329793F5E00B4E29B /* CryptoModel.swift in Sources */ = {isa = PBXBuildFile; fileRef = 232B4AD229793F5D00B4E29B /* CryptoModel.swift */; };
		232B4AD529793F7500B4E29B /* CoinListView.swift in Sources */ = {isa = PBXBuildFile; fileRef = 232B4AD429793F7500B4E29B /* CoinListView.swift */; };
		232B4AD729793F8D00B4E29B /* CryptoViewModel.swift in Sources */ = {isa = PBXBuildFile; fileRef = 232B4AD629793F8D00B4E29B /* CryptoViewModel.swift */; };
/* End PBXBuildFile section */

/* Begin PBXFileReference section */
		231ADE082980194C00A75276 /* MockData.json */ = {isa = PBXFileReference; lastKnownFileType = text.json; path = MockData.json; sourceTree = "<group>"; };
		2329D029294A1341009DF171 /* Crypto App.app */ = {isa = PBXFileReference; explicitFileType = wrapper.application; includeInIndex = 0; path = "Crypto App.app"; sourceTree = BUILT_PRODUCTS_DIR; };
		2329D02C294A1341009DF171 /* Crypto_AppApp.swift */ = {isa = PBXFileReference; lastKnownFileType = sourcecode.swift; path = Crypto_AppApp.swift; sourceTree = "<group>"; };
		2329D030294A1343009DF171 /* Assets.xcassets */ = {isa = PBXFileReference; lastKnownFileType = folder.assetcatalog; path = Assets.xcassets; sourceTree = "<group>"; };
		2329D033294A1343009DF171 /* Preview Assets.xcassets */ = {isa = PBXFileReference; lastKnownFileType = folder.assetcatalog; path = "Preview Assets.xcassets"; sourceTree = "<group>"; };
		232B4AC729793E1800B4E29B /* NetworkService.swift */ = {isa = PBXFileReference; lastKnownFileType = sourcecode.swift; path = NetworkService.swift; sourceTree = "<group>"; };
		232B4ACA29793E4400B4E29B /* NetworkError.swift */ = {isa = PBXFileReference; lastKnownFileType = sourcecode.swift; path = NetworkError.swift; sourceTree = "<group>"; };
		232B4ACE29793ECE00B4E29B /* CryptoService.swift */ = {isa = PBXFileReference; lastKnownFileType = sourcecode.swift; name = CryptoService.swift; path = ../Ingo/CryptoService.swift; sourceTree = "<group>"; };
		232B4AD029793F1F00B4E29B /* DataStructure.swift */ = {isa = PBXFileReference; lastKnownFileType = sourcecode.swift; path = DataStructure.swift; sourceTree = "<group>"; };
		232B4AD229793F5D00B4E29B /* CryptoModel.swift */ = {isa = PBXFileReference; lastKnownFileType = sourcecode.swift; name = CryptoModel.swift; path = ../Ingo/CryptoModel.swift; sourceTree = "<group>"; };
		232B4AD429793F7500B4E29B /* CoinListView.swift */ = {isa = PBXFileReference; lastKnownFileType = sourcecode.swift; name = CoinListView.swift; path = ../Ingo/CoinListView.swift; sourceTree = "<group>"; };
		232B4AD629793F8D00B4E29B /* CryptoViewModel.swift */ = {isa = PBXFileReference; lastKnownFileType = sourcecode.swift; name = CryptoViewModel.swift; path = ../Ingo/CryptoViewModel.swift; sourceTree = "<group>"; };
/* End PBXFileReference section */

/* Begin PBXFrameworksBuildPhase section */
		2329D026294A1341009DF171 /* Frameworks */ = {
			isa = PBXFrameworksBuildPhase;
			buildActionMask = 2147483647;
			files = (
			);
			runOnlyForDeploymentPostprocessing = 0;
		};
/* End PBXFrameworksBuildPhase section */

/* Begin PBXGroup section */
		2329D020294A1341009DF171 = {
			isa = PBXGroup;
			children = (
				2329D02B294A1341009DF171 /* Crypto App */,
				2329D02A294A1341009DF171 /* Products */,
			);
			sourceTree = "<group>";
		};
		2329D02A294A1341009DF171 /* Products */ = {
			isa = PBXGroup;
			children = (
				2329D029294A1341009DF171 /* Crypto App.app */,
			);
			name = Products;
			sourceTree = "<group>";
		};
		2329D02B294A1341009DF171 /* Crypto App */ = {
			isa = PBXGroup;
			children = (
				2329D02C294A1341009DF171 /* Crypto_AppApp.swift */,
				232B4AC929793E3200B4E29B /* Network */,
				232B4AD829794F2600B4E29B /* New Group */,
				2329D030294A1343009DF171 /* Assets.xcassets */,
				2329D032294A1343009DF171 /* Preview Content */,
			);
			path = "Crypto App";
			sourceTree = "<group>";
		};
		2329D032294A1343009DF171 /* Preview Content */ = {
			isa = PBXGroup;
			children = (
				2329D033294A1343009DF171 /* Preview Assets.xcassets */,
			);
			path = "Preview Content";
			sourceTree = "<group>";
		};
		232B4AC929793E3200B4E29B /* Network */ = {
			isa = PBXGroup;
			children = (
				232B4AC729793E1800B4E29B /* NetworkService.swift */,
				232B4ACA29793E4400B4E29B /* NetworkError.swift */,
				232B4AD029793F1F00B4E29B /* DataStructure.swift */,
			);
			path = Network;
			sourceTree = "<group>";
		};
		232B4AD829794F2600B4E29B /* New Group */ = {
			isa = PBXGroup;
			children = (
				232B4AD429793F7500B4E29B /* CoinListView.swift */,
				232B4AD629793F8D00B4E29B /* CryptoViewModel.swift */,
				232B4AD229793F5D00B4E29B /* CryptoModel.swift */,
				232B4ACE29793ECE00B4E29B /* CryptoService.swift */,
				231ADE082980194C00A75276 /* MockData.json */,
			);
			path = "New Group";
			sourceTree = "<group>";
		};
/* End PBXGroup section */

/* Begin PBXNativeTarget section */
		2329D028294A1341009DF171 /* Crypto App */ = {
			isa = PBXNativeTarget;
			buildConfigurationList = 2329D04D294A1344009DF171 /* Build configuration list for PBXNativeTarget "Crypto App" */;
			buildPhases = (
				2329D025294A1341009DF171 /* Sources */,
				2329D026294A1341009DF171 /* Frameworks */,
				2329D027294A1341009DF171 /* Resources */,
			);
			buildRules = (
			);
			dependencies = (
			);
			name = "Crypto App";
			productName = "Crypto App";
			productReference = 2329D029294A1341009DF171 /* Crypto App.app */;
			productType = "com.apple.product-type.application";
		};
/* End PBXNativeTarget section */

/* Begin PBXProject section */
		2329D021294A1341009DF171 /* Project object */ = {
			isa = PBXProject;
			attributes = {
				BuildIndependentTargetsInParallel = 1;
				LastSwiftUpdateCheck = 1410;
				LastUpgradeCheck = 1410;
				TargetAttributes = {
					2329D028294A1341009DF171 = {
						CreatedOnToolsVersion = 14.1;
					};
				};
			};
			buildConfigurationList = 2329D024294A1341009DF171 /* Build configuration list for PBXProject "Crypto App" */;
			compatibilityVersion = "Xcode 14.0";
			developmentRegion = en;
			hasScannedForEncodings = 0;
			knownRegions = (
				en,
				Base,
			);
			mainGroup = 2329D020294A1341009DF171;
			productRefGroup = 2329D02A294A1341009DF171 /* Products */;
			projectDirPath = "";
			projectRoot = "";
			targets = (
				2329D028294A1341009DF171 /* Crypto App */,
			);
		};
/* End PBXProject section */

/* Begin PBXResourcesBuildPhase section */
		2329D027294A1341009DF171 /* Resources */ = {
			isa = PBXResourcesBuildPhase;
			buildActionMask = 2147483647;
			files = (
				2329D034294A1343009DF171 /* Preview Assets.xcassets in Resources */,
				2329D031294A1343009DF171 /* Assets.xcassets in Resources */,
				231ADE092980194C00A75276 /* MockData.json in Resources */,
			);
			runOnlyForDeploymentPostprocessing = 0;
		};
/* End PBXResourcesBuildPhase section */

/* Begin PBXSourcesBuildPhase section */
		2329D025294A1341009DF171 /* Sources */ = {
			isa = PBXSourcesBuildPhase;
			buildActionMask = 2147483647;
			files = (
				232B4AD529793F7500B4E29B /* CoinListView.swift in Sources */,
				232B4AC829793E1800B4E29B /* NetworkService.swift in Sources */,
				232B4AD729793F8D00B4E29B /* CryptoViewModel.swift in Sources */,
				2329D02D294A1341009DF171 /* Crypto_AppApp.swift in Sources */,
				232B4AD329793F5E00B4E29B /* CryptoModel.swift in Sources */,
				232B4AD129793F1F00B4E29B /* DataStructure.swift in Sources */,
				232B4ACB29793E4400B4E29B /* NetworkError.swift in Sources */,
				232B4ACF29793ECE00B4E29B /* CryptoService.swift in Sources */,
			);
			runOnlyForDeploymentPostprocessing = 0;
		};
/* End PBXSourcesBuildPhase section */

/* Begin XCBuildConfiguration section */
		2329D04B294A1344009DF171 /* Debug */ = {
			isa = XCBuildConfiguration;
			buildSettings = {
				ALWAYS_SEARCH_USER_PATHS = NO;
				CLANG_ANALYZER_NONNULL = YES;
				CLANG_ANALYZER_NUMBER_OBJECT_CONVERSION = YES_AGGRESSIVE;
				CLANG_CXX_LANGUAGE_STANDARD = "gnu++20";
				CLANG_ENABLE_MODULES = YES;
				CLANG_ENABLE_OBJC_ARC = YES;
				CLANG_ENABLE_OBJC_WEAK = YES;
				CLANG_WARN_BLOCK_CAPTURE_AUTORELEASING = YES;
				CLANG_WARN_BOOL_CONVERSION = YES;
				CLANG_WARN_COMMA = YES;
				CLANG_WARN_CONSTANT_CONVERSION = YES;
				CLANG_WARN_DEPRECATED_OBJC_IMPLEMENTATIONS = YES;
				CLANG_WARN_DIRECT_OBJC_ISA_USAGE = YES_ERROR;
				CLANG_WARN_DOCUMENTATION_COMMENTS = YES;
				CLANG_WARN_EMPTY_BODY = YES;
				CLANG_WARN_ENUM_CONVERSION = YES;
				CLANG_WARN_INFINITE_RECURSION = YES;
				CLANG_WARN_INT_CONVERSION = YES;
				CLANG_WARN_NON_LITERAL_NULL_CONVERSION = YES;
				CLANG_WARN_OBJC_IMPLICIT_RETAIN_SELF = YES;
				CLANG_WARN_OBJC_LITERAL_CONVERSION = YES;
				CLANG_WARN_OBJC_ROOT_CLASS = YES_ERROR;
				CLANG_WARN_QUOTED_INCLUDE_IN_FRAMEWORK_HEADER = YES;
				CLANG_WARN_RANGE_LOOP_ANALYSIS = YES;
				CLANG_WARN_STRICT_PROTOTYPES = YES;
				CLANG_WARN_SUSPICIOUS_MOVE = YES;
				CLANG_WARN_UNGUARDED_AVAILABILITY = YES_AGGRESSIVE;
				CLANG_WARN_UNREACHABLE_CODE = YES;
				CLANG_WARN__DUPLICATE_METHOD_MATCH = YES;
				COPY_PHASE_STRIP = NO;
				DEBUG_INFORMATION_FORMAT = dwarf;
				ENABLE_STRICT_OBJC_MSGSEND = YES;
				ENABLE_TESTABILITY = YES;
				GCC_C_LANGUAGE_STANDARD = gnu11;
				GCC_DYNAMIC_NO_PIC = NO;
				GCC_NO_COMMON_BLOCKS = YES;
				GCC_OPTIMIZATION_LEVEL = 0;
				GCC_PREPROCESSOR_DEFINITIONS = (
					"DEBUG=1",
					"$(inherited)",
				);
				GCC_WARN_64_TO_32_BIT_CONVERSION = YES;
				GCC_WARN_ABOUT_RETURN_TYPE = YES_ERROR;
				GCC_WARN_UNDECLARED_SELECTOR = YES;
				GCC_WARN_UNINITIALIZED_AUTOS = YES_AGGRESSIVE;
				GCC_WARN_UNUSED_FUNCTION = YES;
				GCC_WARN_UNUSED_VARIABLE = YES;
				IPHONEOS_DEPLOYMENT_TARGET = 16.1;
				MTL_ENABLE_DEBUG_INFO = INCLUDE_SOURCE;
				MTL_FAST_MATH = YES;
				ONLY_ACTIVE_ARCH = YES;
				SDKROOT = iphoneos;
				SWIFT_ACTIVE_COMPILATION_CONDITIONS = DEBUG;
				SWIFT_OPTIMIZATION_LEVEL = "-Onone";
			};
			name = Debug;
		};
		2329D04C294A1344009DF171 /* Release */ = {
			isa = XCBuildConfiguration;
			buildSettings = {
				ALWAYS_SEARCH_USER_PATHS = NO;
				CLANG_ANALYZER_NONNULL = YES;
				CLANG_ANALYZER_NUMBER_OBJECT_CONVERSION = YES_AGGRESSIVE;
				CLANG_CXX_LANGUAGE_STANDARD = "gnu++20";
				CLANG_ENABLE_MODULES = YES;
				CLANG_ENABLE_OBJC_ARC = YES;
				CLANG_ENABLE_OBJC_WEAK = YES;
				CLANG_WARN_BLOCK_CAPTURE_AUTORELEASING = YES;
				CLANG_WARN_BOOL_CONVERSION = YES;
				CLANG_WARN_COMMA = YES;
				CLANG_WARN_CONSTANT_CONVERSION = YES;
				CLANG_WARN_DEPRECATED_OBJC_IMPLEMENTATIONS = YES;
				CLANG_WARN_DIRECT_OBJC_ISA_USAGE = YES_ERROR;
				CLANG_WARN_DOCUMENTATION_COMMENTS = YES;
				CLANG_WARN_EMPTY_BODY = YES;
				CLANG_WARN_ENUM_CONVERSION = YES;
				CLANG_WARN_INFINITE_RECURSION = YES;
				CLANG_WARN_INT_CONVERSION = YES;
				CLANG_WARN_NON_LITERAL_NULL_CONVERSION = YES;
				CLANG_WARN_OBJC_IMPLICIT_RETAIN_SELF = YES;
				CLANG_WARN_OBJC_LITERAL_CONVERSION = YES;
				CLANG_WARN_OBJC_ROOT_CLASS = YES_ERROR;
				CLANG_WARN_QUOTED_INCLUDE_IN_FRAMEWORK_HEADER = YES;
				CLANG_WARN_RANGE_LOOP_ANALYSIS = YES;
				CLANG_WARN_STRICT_PROTOTYPES = YES;
				CLANG_WARN_SUSPICIOUS_MOVE = YES;
				CLANG_WARN_UNGUARDED_AVAILABILITY = YES_AGGRESSIVE;
				CLANG_WARN_UNREACHABLE_CODE = YES;
				CLANG_WARN__DUPLICATE_METHOD_MATCH = YES;
				COPY_PHASE_STRIP = NO;
				DEBUG_INFORMATION_FORMAT = "dwarf-with-dsym";
				ENABLE_NS_ASSERTIONS = NO;
				ENABLE_STRICT_OBJC_MSGSEND = YES;
				GCC_C_LANGUAGE_STANDARD = gnu11;
				GCC_NO_COMMON_BLOCKS = YES;
				GCC_WARN_64_TO_32_BIT_CONVERSION = YES;
				GCC_WARN_ABOUT_RETURN_TYPE = YES_ERROR;
				GCC_WARN_UNDECLARED_SELECTOR = YES;
				GCC_WARN_UNINITIALIZED_AUTOS = YES_AGGRESSIVE;
				GCC_WARN_UNUSED_FUNCTION = YES;
				GCC_WARN_UNUSED_VARIABLE = YES;
				IPHONEOS_DEPLOYMENT_TARGET = 16.1;
				MTL_ENABLE_DEBUG_INFO = NO;
				MTL_FAST_MATH = YES;
				SDKROOT = iphoneos;
				SWIFT_COMPILATION_MODE = wholemodule;
				SWIFT_OPTIMIZATION_LEVEL = "-O";
				VALIDATE_PRODUCT = YES;
			};
			name = Release;
		};
		2329D04E294A1344009DF171 /* Debug */ = {
			isa = XCBuildConfiguration;
			buildSettings = {
				ASSETCATALOG_COMPILER_APPICON_NAME = AppIcon;
				ASSETCATALOG_COMPILER_GLOBAL_ACCENT_COLOR_NAME = AccentColor;
				CODE_SIGN_STYLE = Automatic;
				CURRENT_PROJECT_VERSION = 1;
				DEVELOPMENT_ASSET_PATHS = "\"Crypto App/Preview Content\"";
				ENABLE_PREVIEWS = YES;
				GENERATE_INFOPLIST_FILE = YES;
				INFOPLIST_KEY_UIApplicationSceneManifest_Generation = YES;
				INFOPLIST_KEY_UIApplicationSupportsIndirectInputEvents = YES;
				INFOPLIST_KEY_UILaunchScreen_Generation = YES;
				INFOPLIST_KEY_UISupportedInterfaceOrientations_iPad = "UIInterfaceOrientationPortrait UIInterfaceOrientationPortraitUpsideDown UIInterfaceOrientationLandscapeLeft UIInterfaceOrientationLandscapeRight";
				INFOPLIST_KEY_UISupportedInterfaceOrientations_iPhone = "UIInterfaceOrientationPortrait UIInterfaceOrientationLandscapeLeft UIInterfaceOrientationLandscapeRight";
				LD_RUNPATH_SEARCH_PATHS = (
					"$(inherited)",
					"@executable_path/Frameworks",
				);
				MARKETING_VERSION = 1.0;
				PRODUCT_BUNDLE_IDENTIFIER = "com.FHNW.Crypto-App";
				PRODUCT_NAME = "$(TARGET_NAME)";
				SWIFT_EMIT_LOC_STRINGS = YES;
				SWIFT_VERSION = 5.0;
				TARGETED_DEVICE_FAMILY = "1,2";
			};
			name = Debug;
		};
		2329D04F294A1344009DF171 /* Release */ = {
			isa = XCBuildConfiguration;
			buildSettings = {
				ASSETCATALOG_COMPILER_APPICON_NAME = AppIcon;
				ASSETCATALOG_COMPILER_GLOBAL_ACCENT_COLOR_NAME = AccentColor;
				CODE_SIGN_STYLE = Automatic;
				CURRENT_PROJECT_VERSION = 1;
				DEVELOPMENT_ASSET_PATHS = "\"Crypto App/Preview Content\"";
				ENABLE_PREVIEWS = YES;
				GENERATE_INFOPLIST_FILE = YES;
				INFOPLIST_KEY_UIApplicationSceneManifest_Generation = YES;
				INFOPLIST_KEY_UIApplicationSupportsIndirectInputEvents = YES;
				INFOPLIST_KEY_UILaunchScreen_Generation = YES;
				INFOPLIST_KEY_UISupportedInterfaceOrientations_iPad = "UIInterfaceOrientationPortrait UIInterfaceOrientationPortraitUpsideDown UIInterfaceOrientationLandscapeLeft UIInterfaceOrientationLandscapeRight";
				INFOPLIST_KEY_UISupportedInterfaceOrientations_iPhone = "UIInterfaceOrientationPortrait UIInterfaceOrientationLandscapeLeft UIInterfaceOrientationLandscapeRight";
				LD_RUNPATH_SEARCH_PATHS = (
					"$(inherited)",
					"@executable_path/Frameworks",
				);
				MARKETING_VERSION = 1.0;
				PRODUCT_BUNDLE_IDENTIFIER = "com.FHNW.Crypto-App";
				PRODUCT_NAME = "$(TARGET_NAME)";
				SWIFT_EMIT_LOC_STRINGS = YES;
				SWIFT_VERSION = 5.0;
				TARGETED_DEVICE_FAMILY = "1,2";
			};
			name = Release;
		};
/* End XCBuildConfiguration section */

/* Begin XCConfigurationList section */
		2329D024294A1341009DF171 /* Build configuration list for PBXProject "Crypto App" */ = {
			isa = XCConfigurationList;
			buildConfigurations = (
				2329D04B294A1344009DF171 /* Debug */,
				2329D04C294A1344009DF171 /* Release */,
			);
			defaultConfigurationIsVisible = 0;
			defaultConfigurationName = Release;
		};
		2329D04D294A1344009DF171 /* Build configuration list for PBXNativeTarget "Crypto App" */ = {
			isa = XCConfigurationList;
			buildConfigurations = (
				2329D04E294A1344009DF171 /* Debug */,
				2329D04F294A1344009DF171 /* Release */,
			);
			defaultConfigurationIsVisible = 0;
			defaultConfigurationName = Release;
		};
/* End XCConfigurationList section */
	};
	rootObject = 2329D021294A1341009DF171 /* Project object */;
}
